{
    "_meta": {
        "hash": {
            "sha256": "5e5551cab4c9fc997549778ee1fc34c6ec5d4898b114662aaad5854c40e000ee"
        },
        "pipfile-spec": 6,
        "requires": {
            "python_version": "3.10"
        },
        "sources": [
            {
                "name": "pypi",
                "url": "https://pypi.org/simple",
                "verify_ssl": true
            }
        ]
    },
    "default": {
        "svgelements": {
            "hashes": [
                "sha256:af0fa36d8d239c4df205e110cf531256359c6c4c93aa3cd13ae9599912f1335d",
                "sha256:dc43ef603c650a2bf6380910bb9a28968e2474eb229295b9a36443f825c3a4f4"
            ],
            "index": "pypi",
            "version": "==1.8.4"
        }
    },
    "develop": {}
}
