{
    "_meta": {
        "hash": {
            "sha256": "3e2e2164190e5082785ce8a39fccb77d7d4aa59619f220a6fdd42cd80c70cf31"
        },
        "pipfile-spec": 6,
        "requires": {
            "python_version": "3.7"
        },
        "sources": [
            {
                "name": "pypi",
                "url": "https://pypi.org/simple",
                "verify_ssl": true
            }
        ]
    },
    "default": {
        "svgelements": {
            "hashes": [
                "sha256:2608216c5e0290a0f223556478bedb57d7d3eeb721c07ff45be13780d91339fb",
                "sha256:8a6ec5c3fe4782220da8dc072c27bad0e4d2190e5c2c021e8897fbf5886a4db3"
            ],
            "index": "pypi",
            "version": "==1.6.5"
        }
    },
    "develop": {}
}
